<?xml version="1.0" encoding="utf-8"?>
<Project ToolsVersion="4.0" xmlns="http://schemas.microsoft.com/developer/msbuild/2003">
  <ItemGroup>
    <ClCompile Include="tesim_main.cpp" />
  </ItemGroup>
  <ItemGroup>
    <Filter Include="Source Files">
      <UniqueIdentifier>{96346b85-e6b6-4dc9-a457-c8231185db07}</UniqueIdentifier>
    </Filter>
    <Filter Include="Headers Files">
      <UniqueIdentifier>{7b2b5fac-3e32-4235-8c1f-1a91cbd5df8f}</UniqueIdentifier>
    </Filter>
  </ItemGroup>
</Project>