
Microsoft Visual Studio Solution File, Format Version 11.00
# Visual Studio 2010
Project("{B1E792BE-AA5F-4E3C-8C82-674BF9C0715B}") = "teplant", "teplant\teplant.tsproj", "{9B9ADA2A-6FCF-4FE8-96DF-FE9AD41C3833}"
EndProject
Global
	GlobalSection(SolutionConfigurationPlatforms) = preSolution
		Debug|TwinCAT CE7 (ARMV7) = Debug|TwinCAT CE7 (ARMV7)
		Debug|TwinCAT RT (x64) = Debug|TwinCAT RT (x64)
		Debug|TwinCAT RT (x86) = Debug|TwinCAT RT (x86)
		Release|TwinCAT CE7 (ARMV7) = Release|TwinCAT CE7 (ARMV7)
		Release|TwinCAT RT (x64) = Release|TwinCAT RT (x64)
		Release|TwinCAT RT (x86) = Release|TwinCAT RT (x86)
	EndGlobalSection
	GlobalSection(ProjectConfigurationPlatforms) = postSolution
		{9B9ADA2A-6FCF-4FE8-96DF-FE9AD41C3833}.Debug|TwinCAT CE7 (ARMV7).ActiveCfg = Debug|TwinCAT CE7 (ARMV7)
		{9B9ADA2A-6FCF-4FE8-96DF-FE9AD41C3833}.Debug|TwinCAT CE7 (ARMV7).Build.0 = Debug|TwinCAT CE7 (ARMV7)
		{9B9ADA2A-6FCF-4FE8-96DF-FE9AD41C3833}.Debug|TwinCAT RT (x64).ActiveCfg = Debug|TwinCAT RT (x64)
		{9B9ADA2A-6FCF-4FE8-96DF-FE9AD41C3833}.Debug|TwinCAT RT (x64).Build.0 = Debug|TwinCAT RT (x64)
		{9B9ADA2A-6FCF-4FE8-96DF-FE9AD41C3833}.Debug|TwinCAT RT (x86).ActiveCfg = Debug|TwinCAT RT (x86)
		{9B9ADA2A-6FCF-4FE8-96DF-FE9AD41C3833}.Debug|TwinCAT RT (x86).Build.0 = Debug|TwinCAT RT (x86)
		{9B9ADA2A-6FCF-4FE8-96DF-FE9AD41C3833}.Release|TwinCAT CE7 (ARMV7).ActiveCfg = Release|TwinCAT CE7 (ARMV7)
		{9B9ADA2A-6FCF-4FE8-96DF-FE9AD41C3833}.Release|TwinCAT CE7 (ARMV7).Build.0 = Release|TwinCAT CE7 (ARMV7)
		{9B9ADA2A-6FCF-4FE8-96DF-FE9AD41C3833}.Release|TwinCAT RT (x64).ActiveCfg = Release|TwinCAT RT (x64)
		{9B9ADA2A-6FCF-4FE8-96DF-FE9AD41C3833}.Release|TwinCAT RT (x64).Build.0 = Release|TwinCAT RT (x64)
		{9B9ADA2A-6FCF-4FE8-96DF-FE9AD41C3833}.Release|TwinCAT RT (x86).ActiveCfg = Release|TwinCAT RT (x86)
		{9B9ADA2A-6FCF-4FE8-96DF-FE9AD41C3833}.Release|TwinCAT RT (x86).Build.0 = Release|TwinCAT RT (x86)
		{01E1D166-08DC-47E7-936C-F4FFD890E556}.Debug|TwinCAT CE7 (ARMV7).ActiveCfg = Debug|TwinCAT CE7 (ARMV7)
		{01E1D166-08DC-47E7-936C-F4FFD890E556}.Debug|TwinCAT CE7 (ARMV7).Build.0 = Debug|TwinCAT CE7 (ARMV7)
		{01E1D166-08DC-47E7-936C-F4FFD890E556}.Debug|TwinCAT RT (x64).ActiveCfg = Debug|TwinCAT RT (x64)
		{01E1D166-08DC-47E7-936C-F4FFD890E556}.Debug|TwinCAT RT (x64).Build.0 = Debug|TwinCAT RT (x64)
		{01E1D166-08DC-47E7-936C-F4FFD890E556}.Debug|TwinCAT RT (x86).ActiveCfg = Debug|TwinCAT RT (x86)
		{01E1D166-08DC-47E7-936C-F4FFD890E556}.Debug|TwinCAT RT (x86).Build.0 = Debug|TwinCAT RT (x86)
		{01E1D166-08DC-47E7-936C-F4FFD890E556}.Release|TwinCAT CE7 (ARMV7).ActiveCfg = Release|TwinCAT CE7 (ARMV7)
		{01E1D166-08DC-47E7-936C-F4FFD890E556}.Release|TwinCAT CE7 (ARMV7).Build.0 = Release|TwinCAT CE7 (ARMV7)
		{01E1D166-08DC-47E7-936C-F4FFD890E556}.Release|TwinCAT RT (x64).ActiveCfg = Release|TwinCAT RT (x64)
		{01E1D166-08DC-47E7-936C-F4FFD890E556}.Release|TwinCAT RT (x64).Build.0 = Release|TwinCAT RT (x64)
		{01E1D166-08DC-47E7-936C-F4FFD890E556}.Release|TwinCAT RT (x86).ActiveCfg = Release|TwinCAT RT (x86)
		{01E1D166-08DC-47E7-936C-F4FFD890E556}.Release|TwinCAT RT (x86).Build.0 = Release|TwinCAT RT (x86)
	EndGlobalSection
	GlobalSection(SolutionProperties) = preSolution
		HideSolutionNode = FALSE
	EndGlobalSection
EndGlobal
