
Microsoft Visual Studio Solution File, Format Version 11.00
# Visual Studio 2010
Project("{B1E792BE-AA5F-4E3C-8C82-674BF9C0715B}") = "tectrl", "tectrl\tectrl.tsproj", "{38E5C6FE-0519-48AD-8D59-BF6F6707ED8B}"
EndProject
Global
	GlobalSection(SolutionConfigurationPlatforms) = preSolution
		Debug|TwinCAT CE7 (ARMV7) = Debug|TwinCAT CE7 (ARMV7)
		Debug|TwinCAT RT (x64) = Debug|TwinCAT RT (x64)
		Debug|TwinCAT RT (x86) = Debug|TwinCAT RT (x86)
		Release|TwinCAT CE7 (ARMV7) = Release|TwinCAT CE7 (ARMV7)
		Release|TwinCAT RT (x64) = Release|TwinCAT RT (x64)
		Release|TwinCAT RT (x86) = Release|TwinCAT RT (x86)
	EndGlobalSection
	GlobalSection(ProjectConfigurationPlatforms) = postSolution
		{38E5C6FE-0519-48AD-8D59-BF6F6707ED8B}.Debug|TwinCAT CE7 (ARMV7).ActiveCfg = Debug|TwinCAT CE7 (ARMV7)
		{38E5C6FE-0519-48AD-8D59-BF6F6707ED8B}.Debug|TwinCAT CE7 (ARMV7).Build.0 = Debug|TwinCAT CE7 (ARMV7)
		{38E5C6FE-0519-48AD-8D59-BF6F6707ED8B}.Debug|TwinCAT RT (x64).ActiveCfg = Debug|TwinCAT RT (x64)
		{38E5C6FE-0519-48AD-8D59-BF6F6707ED8B}.Debug|TwinCAT RT (x64).Build.0 = Debug|TwinCAT RT (x64)
		{38E5C6FE-0519-48AD-8D59-BF6F6707ED8B}.Debug|TwinCAT RT (x86).ActiveCfg = Debug|TwinCAT RT (x86)
		{38E5C6FE-0519-48AD-8D59-BF6F6707ED8B}.Debug|TwinCAT RT (x86).Build.0 = Debug|TwinCAT RT (x86)
		{38E5C6FE-0519-48AD-8D59-BF6F6707ED8B}.Release|TwinCAT CE7 (ARMV7).ActiveCfg = Release|TwinCAT CE7 (ARMV7)
		{38E5C6FE-0519-48AD-8D59-BF6F6707ED8B}.Release|TwinCAT CE7 (ARMV7).Build.0 = Release|TwinCAT CE7 (ARMV7)
		{38E5C6FE-0519-48AD-8D59-BF6F6707ED8B}.Release|TwinCAT RT (x64).ActiveCfg = Release|TwinCAT RT (x64)
		{38E5C6FE-0519-48AD-8D59-BF6F6707ED8B}.Release|TwinCAT RT (x64).Build.0 = Release|TwinCAT RT (x64)
		{38E5C6FE-0519-48AD-8D59-BF6F6707ED8B}.Release|TwinCAT RT (x86).ActiveCfg = Release|TwinCAT RT (x86)
		{38E5C6FE-0519-48AD-8D59-BF6F6707ED8B}.Release|TwinCAT RT (x86).Build.0 = Release|TwinCAT RT (x86)
		{B6784025-77AA-4261-97D1-617C0E412C9D}.Debug|TwinCAT CE7 (ARMV7).ActiveCfg = Debug|TwinCAT CE7 (ARMV7)
		{B6784025-77AA-4261-97D1-617C0E412C9D}.Debug|TwinCAT CE7 (ARMV7).Build.0 = Debug|TwinCAT CE7 (ARMV7)
		{B6784025-77AA-4261-97D1-617C0E412C9D}.Debug|TwinCAT RT (x64).ActiveCfg = Debug|TwinCAT RT (x64)
		{B6784025-77AA-4261-97D1-617C0E412C9D}.Debug|TwinCAT RT (x64).Build.0 = Debug|TwinCAT RT (x64)
		{B6784025-77AA-4261-97D1-617C0E412C9D}.Debug|TwinCAT RT (x86).ActiveCfg = Debug|TwinCAT RT (x86)
		{B6784025-77AA-4261-97D1-617C0E412C9D}.Debug|TwinCAT RT (x86).Build.0 = Debug|TwinCAT RT (x86)
		{B6784025-77AA-4261-97D1-617C0E412C9D}.Release|TwinCAT CE7 (ARMV7).ActiveCfg = Release|TwinCAT CE7 (ARMV7)
		{B6784025-77AA-4261-97D1-617C0E412C9D}.Release|TwinCAT CE7 (ARMV7).Build.0 = Release|TwinCAT CE7 (ARMV7)
		{B6784025-77AA-4261-97D1-617C0E412C9D}.Release|TwinCAT RT (x64).ActiveCfg = Release|TwinCAT RT (x64)
		{B6784025-77AA-4261-97D1-617C0E412C9D}.Release|TwinCAT RT (x64).Build.0 = Release|TwinCAT RT (x64)
		{B6784025-77AA-4261-97D1-617C0E412C9D}.Release|TwinCAT RT (x86).ActiveCfg = Release|TwinCAT RT (x86)
		{B6784025-77AA-4261-97D1-617C0E412C9D}.Release|TwinCAT RT (x86).Build.0 = Release|TwinCAT RT (x86)
	EndGlobalSection
	GlobalSection(SolutionProperties) = preSolution
		HideSolutionNode = FALSE
	EndGlobalSection
EndGlobal
