
Microsoft Visual Studio Solution File, Format Version 12.00
# Visual Studio 2013
VisualStudioVersion = 12.0.31101.0
MinimumVisualStudioVersion = 10.0.40219.1
Project("{B1E792BE-AA5F-4E3C-8C82-674BF9C0715B}") = "sinetest", "sinetest\sinetest.tsproj", "{934FA8E4-ABFF-487C-95A4-BC7F65B3480B}"
EndProject
Global
	GlobalSection(SolutionConfigurationPlatforms) = preSolution
		Debug|TwinCAT CE7 (ARMV7) = Debug|TwinCAT CE7 (ARMV7)
		Debug|TwinCAT RT (x64) = Debug|TwinCAT RT (x64)
		Debug|TwinCAT RT (x86) = Debug|TwinCAT RT (x86)
		Release|TwinCAT CE7 (ARMV7) = Release|TwinCAT CE7 (ARMV7)
		Release|TwinCAT RT (x64) = Release|TwinCAT RT (x64)
		Release|TwinCAT RT (x86) = Release|TwinCAT RT (x86)
	EndGlobalSection
	GlobalSection(ProjectConfigurationPlatforms) = postSolution
		{934FA8E4-ABFF-487C-95A4-BC7F65B3480B}.Debug|TwinCAT CE7 (ARMV7).ActiveCfg = Debug|TwinCAT CE7 (ARMV7)
		{934FA8E4-ABFF-487C-95A4-BC7F65B3480B}.Debug|TwinCAT CE7 (ARMV7).Build.0 = Debug|TwinCAT CE7 (ARMV7)
		{934FA8E4-ABFF-487C-95A4-BC7F65B3480B}.Debug|TwinCAT RT (x64).ActiveCfg = Debug|TwinCAT RT (x64)
		{934FA8E4-ABFF-487C-95A4-BC7F65B3480B}.Debug|TwinCAT RT (x64).Build.0 = Debug|TwinCAT RT (x64)
		{934FA8E4-ABFF-487C-95A4-BC7F65B3480B}.Debug|TwinCAT RT (x86).ActiveCfg = Debug|TwinCAT RT (x86)
		{934FA8E4-ABFF-487C-95A4-BC7F65B3480B}.Debug|TwinCAT RT (x86).Build.0 = Debug|TwinCAT RT (x86)
		{934FA8E4-ABFF-487C-95A4-BC7F65B3480B}.Release|TwinCAT CE7 (ARMV7).ActiveCfg = Release|TwinCAT CE7 (ARMV7)
		{934FA8E4-ABFF-487C-95A4-BC7F65B3480B}.Release|TwinCAT CE7 (ARMV7).Build.0 = Release|TwinCAT CE7 (ARMV7)
		{934FA8E4-ABFF-487C-95A4-BC7F65B3480B}.Release|TwinCAT RT (x64).ActiveCfg = Release|TwinCAT RT (x64)
		{934FA8E4-ABFF-487C-95A4-BC7F65B3480B}.Release|TwinCAT RT (x64).Build.0 = Release|TwinCAT RT (x64)
		{934FA8E4-ABFF-487C-95A4-BC7F65B3480B}.Release|TwinCAT RT (x86).ActiveCfg = Release|TwinCAT RT (x86)
		{934FA8E4-ABFF-487C-95A4-BC7F65B3480B}.Release|TwinCAT RT (x86).Build.0 = Release|TwinCAT RT (x86)
		{47A87AE2-EBD9-4E1C-AE80-1A88AB3BF3D4}.Debug|TwinCAT CE7 (ARMV7).ActiveCfg = Debug|TwinCAT CE7 (ARMV7)
		{47A87AE2-EBD9-4E1C-AE80-1A88AB3BF3D4}.Debug|TwinCAT CE7 (ARMV7).Build.0 = Debug|TwinCAT CE7 (ARMV7)
		{47A87AE2-EBD9-4E1C-AE80-1A88AB3BF3D4}.Debug|TwinCAT RT (x64).ActiveCfg = Debug|TwinCAT RT (x64)
		{47A87AE2-EBD9-4E1C-AE80-1A88AB3BF3D4}.Debug|TwinCAT RT (x64).Build.0 = Debug|TwinCAT RT (x64)
		{47A87AE2-EBD9-4E1C-AE80-1A88AB3BF3D4}.Debug|TwinCAT RT (x86).ActiveCfg = Debug|TwinCAT RT (x86)
		{47A87AE2-EBD9-4E1C-AE80-1A88AB3BF3D4}.Debug|TwinCAT RT (x86).Build.0 = Debug|TwinCAT RT (x86)
		{47A87AE2-EBD9-4E1C-AE80-1A88AB3BF3D4}.Release|TwinCAT CE7 (ARMV7).ActiveCfg = Release|TwinCAT CE7 (ARMV7)
		{47A87AE2-EBD9-4E1C-AE80-1A88AB3BF3D4}.Release|TwinCAT CE7 (ARMV7).Build.0 = Release|TwinCAT CE7 (ARMV7)
		{47A87AE2-EBD9-4E1C-AE80-1A88AB3BF3D4}.Release|TwinCAT RT (x64).ActiveCfg = Release|TwinCAT RT (x64)
		{47A87AE2-EBD9-4E1C-AE80-1A88AB3BF3D4}.Release|TwinCAT RT (x64).Build.0 = Release|TwinCAT RT (x64)
		{47A87AE2-EBD9-4E1C-AE80-1A88AB3BF3D4}.Release|TwinCAT RT (x86).ActiveCfg = Release|TwinCAT RT (x86)
		{47A87AE2-EBD9-4E1C-AE80-1A88AB3BF3D4}.Release|TwinCAT RT (x86).Build.0 = Release|TwinCAT RT (x86)
	EndGlobalSection
	GlobalSection(SolutionProperties) = preSolution
		HideSolutionNode = FALSE
	EndGlobalSection
EndGlobal
